
Microsoft Visual Studio Solution File, Format Version 12.00
# Visual Studio 15
VisualStudioVersion = 15.0.26403.7
MinimumVisualStudioVersion = 10.0.40219.1
Project("{FAE04EC0-301F-11D3-BF4B-00C04F79EFBC}") = "BFFWebApp.App", "BFFWebApp.App\BFFWebApp.App.csproj", "{FB568FDF-754F-427B-A7FA-4BCCAA74A00A}"
EndProject
Project("{FAE04EC0-301F-11D3-BF4B-00C04F79EFBC}") = "BFFWebApp.API", "BFFWebApp.API\BFFWebApp.API.csproj", "{66BFD756-353D-4D3A-B951-0D1F07C56601}"
EndProject
Global
	GlobalSection(SolutionConfigurationPlatforms) = preSolution
		Debug|Any CPU = Debug|Any CPU
		Release|Any CPU = Release|Any CPU
	EndGlobalSection
	GlobalSection(ProjectConfigurationPlatforms) = postSolution
		{FB568FDF-754F-427B-A7FA-4BCCAA74A00A}.Debug|Any CPU.ActiveCfg = Debug|Any CPU
		{FB568FDF-754F-427B-A7FA-4BCCAA74A00A}.Debug|Any CPU.Build.0 = Debug|Any CPU
		{FB568FDF-754F-427B-A7FA-4BCCAA74A00A}.Release|Any CPU.ActiveCfg = Release|Any CPU
		{FB568FDF-754F-427B-A7FA-4BCCAA74A00A}.Release|Any CPU.Build.0 = Release|Any CPU
		{66BFD756-353D-4D3A-B951-0D1F07C56601}.Debug|Any CPU.ActiveCfg = Debug|Any CPU
		{66BFD756-353D-4D3A-B951-0D1F07C56601}.Debug|Any CPU.Build.0 = Debug|Any CPU
		{66BFD756-353D-4D3A-B951-0D1F07C56601}.Release|Any CPU.ActiveCfg = Release|Any CPU
		{66BFD756-353D-4D3A-B951-0D1F07C56601}.Release|Any CPU.Build.0 = Release|Any CPU
	EndGlobalSection
	GlobalSection(SolutionProperties) = preSolution
		HideSolutionNode = FALSE
	EndGlobalSection
EndGlobal
